{
  "version": 4,
  "terraform_version": "1.0.7",
  "serial": 5,
  "lineage": "960d916d-e30d-386d-fdc4-89adda9c408c",
  "outputs": {
    "efs_dns_name": {
      "value": [
        "fs-058f60f07bfe93125.efs.us-east-2.amazonaws.com"
      ],
      "type": [
        "tuple",
        [
          "string"
        ]
      ]
    },
    "efs_id": {
      "value": "fs-058f60f07bfe93125",
      "type": "string"
    }
  },
  "resources": [
    {
      "mode": "data",
      "type": "aws_vpc",
      "name": "selected",
      "provider": "provider[\"registry.terraform.io/hashicorp/aws\"]",
      "instances": [
        {
          "schema_version": 0,
          "attributes": {
            "arn": "arn:aws:ec2:us-east-2:752204869657:vpc/vpc-0684f609d3e95350c",
            "cidr_block": "172.31.0.0/16",
            "cidr_block_associations": [
              {
                "association_id": "vpc-cidr-assoc-074388914a980b513",
                "cidr_block": "172.31.0.0/16",
                "state": "associated"
              }
            ],
            "default": true,
            "dhcp_options_id": "dopt-4003602b",
            "enable_dns_hostnames": true,
            "enable_dns_support": true,
            "filter": null,
            "id": "vpc-0684f609d3e95350c",
            "instance_tenancy": "default",
            "ipv6_association_id": null,
            "ipv6_cidr_block": null,
            "main_route_table_id": "rtb-0fa8ab1e9c825ce9a",
            "owner_id": "752204869657",
            "state": "available",
            "tags": {
              "Name": "Default vpc"
            }
          },
          "sensitive_attributes": []
        }
      ]
    },
    {
      "mode": "managed",
      "type": "aws_efs_file_system",
      "name": "efs",
      "provider": "provider[\"registry.terraform.io/hashicorp/aws\"]",
      "instances": [
        {
          "schema_version": 0,
          "attributes": {
            "arn": "arn:aws:elasticfilesystem:us-east-2:752204869657:file-system/fs-058f60f07bfe93125",
            "availability_zone_id": "",
            "availability_zone_name": "",
            "creation_token": "terraform-20211112050319732500000001",
            "dns_name": "fs-058f60f07bfe93125.efs.us-east-2.amazonaws.com",
            "encrypted": true,
            "id": "fs-058f60f07bfe93125",
            "kms_key_id": "arn:aws:kms:us-east-2:752204869657:key/c1d1df78-4c9c-42a8-9c9e-9c50632c01bd",
            "lifecycle_policy": [
              {
                "transition_to_ia": "AFTER_60_DAYS",
                "transition_to_primary_storage_class": ""
              }
            ],
            "number_of_mount_targets": 0,
            "owner_id": "752204869657",
            "performance_mode": "generalPurpose",
            "provisioned_throughput_in_mibps": 0,
            "size_in_bytes": [
              {
                "value": 6144,
                "value_in_ia": 0,
                "value_in_standard": 6144
              }
            ],
            "tags": null,
            "tags_all": {},
            "throughput_mode": "bursting"
          },
          "sensitive_attributes": [],
          "private": "bnVsbA=="
        }
      ]
    },
    {
      "mode": "managed",
      "type": "aws_efs_mount_target",
      "name": "efs_mount_target",
      "provider": "provider[\"registry.terraform.io/hashicorp/aws\"]",
      "instances": [
        {
          "index_key": 0,
          "schema_version": 0,
          "attributes": {
            "availability_zone_id": "use2-az1",
            "availability_zone_name": "us-east-2a",
            "dns_name": "fs-058f60f07bfe93125.efs.us-east-2.amazonaws.com",
            "file_system_arn": "arn:aws:elasticfilesystem:us-east-2:752204869657:file-system/fs-058f60f07bfe93125",
            "file_system_id": "fs-058f60f07bfe93125",
            "id": "fsmt-086c69f2e4dcfd475",
            "ip_address": "172.31.0.16",
            "mount_target_dns_name": "us-east-2a.fs-058f60f07bfe93125.efs.us-east-2.amazonaws.com",
            "network_interface_id": "eni-028e407a4a533038b",
            "owner_id": "752204869657",
            "security_groups": [
              "sg-0c6538a6955d9115b"
            ],
            "subnet_id": "subnet-0a5a513759fc12f13"
          },
          "sensitive_attributes": [],
          "private": "bnVsbA==",
          "dependencies": [
            "aws_efs_file_system.efs",
            "aws_security_group.efs_sg"
          ]
        }
      ]
    },
    {
      "mode": "managed",
      "type": "aws_security_group",
      "name": "efs_sg",
      "provider": "provider[\"registry.terraform.io/hashicorp/aws\"]",
      "instances": [
        {
          "schema_version": 1,
          "attributes": {
            "arn": "arn:aws:ec2:us-east-2:752204869657:security-group/sg-0c6538a6955d9115b",
            "description": "controls access to efs",
            "egress": [
              {
                "cidr_blocks": [
                  "0.0.0.0/0"
                ],
                "description": "",
                "from_port": 0,
                "ipv6_cidr_blocks": [],
                "prefix_list_ids": [],
                "protocol": "-1",
                "security_groups": [],
                "self": false,
                "to_port": 0
              }
            ],
            "id": "sg-0c6538a6955d9115b",
            "ingress": [
              {
                "cidr_blocks": [
                  "0.0.0.0/0"
                ],
                "description": "",
                "from_port": 2049,
                "ipv6_cidr_blocks": [],
                "prefix_list_ids": [],
                "protocol": "tcp",
                "security_groups": [],
                "self": false,
                "to_port": 2049
              },
              {
                "cidr_blocks": [
                  "0.0.0.0/0"
                ],
                "description": "Http for vpc",
                "from_port": 80,
                "ipv6_cidr_blocks": [],
                "prefix_list_ids": [],
                "protocol": "tcp",
                "security_groups": [],
                "self": false,
                "to_port": 80
              },
              {
                "cidr_blocks": [
                  "0.0.0.0/0"
                ],
                "description": "SSH",
                "from_port": 22,
                "ipv6_cidr_blocks": [],
                "prefix_list_ids": [],
                "protocol": "tcp",
                "security_groups": [],
                "self": false,
                "to_port": 22
              }
            ],
            "name": "dev-efs-sg",
            "name_prefix": "",
            "owner_id": "752204869657",
            "revoke_rules_on_delete": false,
            "tags": null,
            "tags_all": {},
            "timeouts": null,
            "vpc_id": "vpc-0684f609d3e95350c"
          },
          "sensitive_attributes": [],
          "private": "eyJlMmJmYjczMC1lY2FhLTExZTYtOGY4OC0zNDM2M2JjN2M0YzAiOnsiY3JlYXRlIjo2MDAwMDAwMDAwMDAsImRlbGV0ZSI6OTAwMDAwMDAwMDAwfSwic2NoZW1hX3ZlcnNpb24iOiIxIn0="
        }
      ]
    }
  ]
}
